PODS:
  - Alamofire (5.8.1)
  - Moya (15.0.0):
    - Moya/Core (= 15.0.0)
  - Moya/Core (15.0.0):
    - Alamofire (~> 5.0)
  - SDWebImage (5.18.12):
    - SDWebImage/Core (= 5.18.12)
  - SDWebImage/Core (5.18.12)
  - SDWebImageSwiftUI (3.1.3):
    - SDWebImage (~> 5.10)

DEPENDENCIES:
  - Alamofire (~> 5.8.1)
  - Moya (~> 15.0)
  - SDWebImage (~> 5.18.3)
  - SDWebImageSwiftUI

SPEC REPOS:
  trunk:
    - Alamofire
    - Moya
    - SDWebImage
    - SDWebImageSwiftUI

SPEC CHECKSUMS:
  Alamofire: 3ca42e259043ee0dc5c0cdd76c4bc568b8e42af7
  Moya: 138f0573e53411fb3dc17016add0b748dfbd78ee
  SDWebImage: 2d6d229046fea284d62e36bfb8ebe8287dfc5b10
  SDWebImageSwiftUI: a6d7129fb68fc18c8b930b869ddcfce314e49ded

PODFILE CHECKSUM: 8b9f1434abb290a0ef2ad5c7c31cb1b184c6a957

COCOAPODS: 1.16.2
